<?xml version="1.0" encoding="utf-8"?>
<Project ToolsVersion="4.0" xmlns="http://schemas.microsoft.com/developer/msbuild/2003">
  <ItemGroup>
    <Filter Include="PCH">
      <UniqueIdentifier>{93995380-89BD-4b04-88EB-625FBE52EBFB}</UniqueIdentifier>
      <Extensions>h;hh;hpp;hxx;h++;hm;inl;inc;ipp;xsd</Extensions>
    </Filter>
    <Filter Include="main">
      <UniqueIdentifier>{4FC737F1-C7A5-4376-A066-2A32D752A2FF}</UniqueIdentifier>
      <Extensions>cpp;c;cc;cxx;c++;cppm;ixx;def;odl;idl;hpj;bat;asm;asmx</Extensions>
    </Filter>
    <Filter Include="Contents">
      <UniqueIdentifier>{6adc4738-ace8-4031-9836-95f01d45cdaa}</UniqueIdentifier>
    </Filter>
    <Filter Include="Contents\NetLoginServer">
      <UniqueIdentifier>{9c8da62a-7094-4e1c-a145-2238f2a0ba37}</UniqueIdentifier>
    </Filter>
    <Filter Include="Contents\LanMonitoringClient">
      <UniqueIdentifier>{90f774e0-7c28-442c-b258-382603de5c7d}</UniqueIdentifier>
    </Filter>
    <Filter Include="Contents\LanLoginServer">
      <UniqueIdentifier>{090d610b-b8ba-424f-b9dc-30ccd20329cd}</UniqueIdentifier>
    </Filter>
    <Filter Include="Controller">
      <UniqueIdentifier>{24bf8294-65b4-422f-96a3-b63dd1628e7c}</UniqueIdentifier>
    </Filter>
  </ItemGroup>
  <ItemGroup>
    <ClCompile Include="GodDamnBugLoginServer.cpp">
      <Filter>main</Filter>
    </ClCompile>
    <ClCompile Include="stdafx.cpp">
      <Filter>PCH</Filter>
    </ClCompile>
    <ClCompile Include="CNetLoginServer.cpp">
      <Filter>Contents\NetLoginServer</Filter>
    </ClCompile>
    <ClCompile Include="CLanMonitoringClient.cpp">
      <Filter>Contents\LanMonitoringClient</Filter>
    </ClCompile>
    <ClCompile Include="CLanLoginServer.cpp">
      <Filter>Contents\LanLoginServer</Filter>
    </ClCompile>
  </ItemGroup>
  <ItemGroup>
    <ClInclude Include="stdafx.h">
      <Filter>PCH</Filter>
    </ClInclude>
    <ClInclude Include="CNetLoginServer.h">
      <Filter>Contents\NetLoginServer</Filter>
    </ClInclude>
    <ClInclude Include="CServerController.h">
      <Filter>Controller</Filter>
    </ClInclude>
    <ClInclude Include="CLanMonitoringClient.h">
      <Filter>Contents\LanMonitoringClient</Filter>
    </ClInclude>
    <ClInclude Include="CLanLoginServer.h">
      <Filter>Contents\LanLoginServer</Filter>
    </ClInclude>
  </ItemGroup>
</Project>