<?xml version="1.0" encoding="utf-8"?>
<Project ToolsVersion="4.0" xmlns="http://schemas.microsoft.com/developer/msbuild/2003">
  <ItemGroup>
    <Filter Include="PCH">
      <UniqueIdentifier>{93995380-89BD-4b04-88EB-625FBE52EBFB}</UniqueIdentifier>
      <Extensions>h;hh;hpp;hxx;h++;hm;inl;inc;ipp;xsd</Extensions>
    </Filter>
    <Filter Include="Contents">
      <UniqueIdentifier>{b676d0da-b77e-4eea-adcb-c2958add51f2}</UniqueIdentifier>
    </Filter>
    <Filter Include="main">
      <UniqueIdentifier>{4FC737F1-C7A5-4376-A066-2A32D752A2FF}</UniqueIdentifier>
      <Extensions>cpp;c;cc;cxx;c++;cppm;ixx;def;odl;idl;hpj;bat;asm;asmx</Extensions>
    </Filter>
    <Filter Include="Contents\NetMonitoringServer">
      <UniqueIdentifier>{f7e63543-8bb4-417d-9e3c-ed4148013793}</UniqueIdentifier>
    </Filter>
    <Filter Include="Contents\LanMonitoringServer">
      <UniqueIdentifier>{14be93fa-ce33-4f5f-ad39-94eedbea7dea}</UniqueIdentifier>
    </Filter>
    <Filter Include="ServerControl">
      <UniqueIdentifier>{9e08e9dd-61f0-4f05-9fdc-bad8041e4185}</UniqueIdentifier>
    </Filter>
    <Filter Include="Protocol">
      <UniqueIdentifier>{fa23500f-8793-451d-846b-1f591bf02885}</UniqueIdentifier>
    </Filter>
  </ItemGroup>
  <ItemGroup>
    <ClCompile Include="MonitoringServer.cpp">
      <Filter>main</Filter>
    </ClCompile>
    <ClCompile Include="stdafx.cpp">
      <Filter>PCH</Filter>
    </ClCompile>
    <ClCompile Include="CNetMonitoringServer.cpp">
      <Filter>Contents\NetMonitoringServer</Filter>
    </ClCompile>
    <ClCompile Include="CLanMonitoringServer.cpp">
      <Filter>Contents\LanMonitoringServer</Filter>
    </ClCompile>
  </ItemGroup>
  <ItemGroup>
    <ClInclude Include="stdafx.h">
      <Filter>PCH</Filter>
    </ClInclude>
    <ClInclude Include="..\..\..\프로카데미 학습 자료\모니터링 클라이언트 &amp; 서버 프로젝트\CommonProtocol_monitor.h">
      <Filter>Protocol</Filter>
    </ClInclude>
    <ClInclude Include="CNetMonitoringServer.h">
      <Filter>Contents\NetMonitoringServer</Filter>
    </ClInclude>
    <ClInclude Include="Protocol.h">
      <Filter>Protocol</Filter>
    </ClInclude>
    <ClInclude Include="CLanMonitoringServer.h">
      <Filter>Contents\LanMonitoringServer</Filter>
    </ClInclude>
    <ClInclude Include="ServerControler.h">
      <Filter>ServerControl</Filter>
    </ClInclude>
    <ClInclude Include="..\..\Protocol\GodDamnBug\CommonProtocol.h">
      <Filter>Protocol</Filter>
    </ClInclude>
    <ClInclude Include="..\..\ProfileDataType\GodDamnBug\ProfileDataType.h">
      <Filter>Protocol</Filter>
    </ClInclude>
  </ItemGroup>
</Project>